
Microsoft Visual Studio Solution File, Format Version 12.00
# Visual Studio 15
VisualStudioVersion = 15.0.28307.1972
MinimumVisualStudioVersion = 10.0.40219.1
Project("{FAE04EC0-301F-11D3-BF4B-00C04F79EFBC}") = "System.IO.v2.5", "System.IO.v2.5.csproj", "{BD52BEC2-B8A9-4C12-968B-87E9D77776DA}"
EndProject
Global
	GlobalSection(SolutionConfigurationPlatforms) = preSolution
		Debug|Any CPU = Debug|Any CPU
		Release|Any CPU = Release|Any CPU
	EndGlobalSection
	GlobalSection(ProjectConfigurationPlatforms) = postSolution
		{BD52BEC2-B8A9-4C12-968B-87E9D77776DA}.Debug|Any CPU.ActiveCfg = Debug|Any CPU
		{BD52BEC2-B8A9-4C12-968B-87E9D77776DA}.Debug|Any CPU.Build.0 = Debug|Any CPU
		{BD52BEC2-B8A9-4C12-968B-87E9D77776DA}.Release|Any CPU.ActiveCfg = Release|Any CPU
		{BD52BEC2-B8A9-4C12-968B-87E9D77776DA}.Release|Any CPU.Build.0 = Release|Any CPU
	EndGlobalSection
	GlobalSection(SolutionProperties) = preSolution
		HideSolutionNode = FALSE
	EndGlobalSection
	GlobalSection(ExtensibilityGlobals) = postSolution
		SolutionGuid = {32E04964-50DA-4ECF-AD04-A4C90967ACB8}
	EndGlobalSection
EndGlobal
